// !$*UTF8*$!
{
	archiveVersion = 1;
	classes = {
	};
	objectVersion = 50;
	objects = {

/* Begin PBXBuildFile section */
		FC48EA0C22E497DF00D60C01 /* FeedCell.swift in Sources */ = {isa = PBXBuildFile; fileRef = FC48EA0B22E497DF00D60C01 /* FeedCell.swift */; };
		FC69E9E722E487FA00AAC845 /* AppDelegate.swift in Sources */ = {isa = PBXBuildFile; fileRef = FC69E9E622E487FA00AAC845 /* AppDelegate.swift */; };
		FC69E9E922E487FA00AAC845 /* ViewController.swift in Sources */ = {isa = PBXBuildFile; fileRef = FC69E9E822E487FA00AAC845 /* ViewController.swift */; };
		FC69E9EC22E487FA00AAC845 /* Main.storyboard in Resources */ = {isa = PBXBuildFile; fileRef = FC69E9EA22E487FA00AAC845 /* Main.storyboard */; };
		FC69E9EE22E487FD00AAC845 /* Assets.xcassets in Resources */ = {isa = PBXBuildFile; fileRef = FC69E9ED22E487FD00AAC845 /* Assets.xcassets */; };
		FC69E9F122E487FD00AAC845 /* LaunchScreen.storyboard in Resources */ = {isa = PBXBuildFile; fileRef = FC69E9EF22E487FD00AAC845 /* LaunchScreen.storyboard */; };
		FC69E9FC22E488A300AAC845 /* Data.json in Resources */ = {isa = PBXBuildFile; fileRef = FC69E9FB22E488A300AAC845 /* Data.json */; };
		FC69E9FE22E48B5B00AAC845 /* Feed.swift in Sources */ = {isa = PBXBuildFile; fileRef = FC69E9FD22E48B5B00AAC845 /* Feed.swift */; };
		FC69EA0122E48CE600AAC845 /* Networking.swift in Sources */ = {isa = PBXBuildFile; fileRef = FC69EA0022E48CE600AAC845 /* Networking.swift */; };
/* End PBXBuildFile section */

/* Begin PBXFileReference section */
		FC48EA0B22E497DF00D60C01 /* FeedCell.swift */ = {isa = PBXFileReference; lastKnownFileType = sourcecode.swift; path = FeedCell.swift; sourceTree = "<group>"; };
		FC69E9E322E487FA00AAC845 /* DispatchGroup-HandsOn.app */ = {isa = PBXFileReference; explicitFileType = wrapper.application; includeInIndex = 0; path = "DispatchGroup-HandsOn.app"; sourceTree = BUILT_PRODUCTS_DIR; };
		FC69E9E622E487FA00AAC845 /* AppDelegate.swift */ = {isa = PBXFileReference; lastKnownFileType = sourcecode.swift; path = AppDelegate.swift; sourceTree = "<group>"; };
		FC69E9E822E487FA00AAC845 /* ViewController.swift */ = {isa = PBXFileReference; lastKnownFileType = sourcecode.swift; path = ViewController.swift; sourceTree = "<group>"; };
		FC69E9EB22E487FA00AAC845 /* Base */ = {isa = PBXFileReference; lastKnownFileType = file.storyboard; name = Base; path = Base.lproj/Main.storyboard; sourceTree = "<group>"; };
		FC69E9ED22E487FD00AAC845 /* Assets.xcassets */ = {isa = PBXFileReference; lastKnownFileType = folder.assetcatalog; path = Assets.xcassets; sourceTree = "<group>"; };
		FC69E9F022E487FD00AAC845 /* Base */ = {isa = PBXFileReference; lastKnownFileType = file.storyboard; name = Base; path = Base.lproj/LaunchScreen.storyboard; sourceTree = "<group>"; };
		FC69E9F222E487FD00AAC845 /* Info.plist */ = {isa = PBXFileReference; lastKnownFileType = text.plist.xml; path = Info.plist; sourceTree = "<group>"; };
		FC69E9FB22E488A300AAC845 /* Data.json */ = {isa = PBXFileReference; lastKnownFileType = text.json; path = Data.json; sourceTree = "<group>"; };
		FC69E9FD22E48B5B00AAC845 /* Feed.swift */ = {isa = PBXFileReference; lastKnownFileType = sourcecode.swift; path = Feed.swift; sourceTree = "<group>"; };
		FC69EA0022E48CE600AAC845 /* Networking.swift */ = {isa = PBXFileReference; lastKnownFileType = sourcecode.swift; path = Networking.swift; sourceTree = "<group>"; };
/* End PBXFileReference section */

/* Begin PBXFrameworksBuildPhase section */
		FC69E9E022E487FA00AAC845 /* Frameworks */ = {
			isa = PBXFrameworksBuildPhase;
			buildActionMask = 2147483647;
			files = (
			);
			runOnlyForDeploymentPostprocessing = 0;
		};
/* End PBXFrameworksBuildPhase section */

/* Begin PBXGroup section */
		FC69E9DA22E487FA00AAC845 = {
			isa = PBXGroup;
			children = (
				FC69E9E522E487FA00AAC845 /* DispatchGroup-HandsOn */,
				FC69E9E422E487FA00AAC845 /* Products */,
			);
			sourceTree = "<group>";
		};
		FC69E9E422E487FA00AAC845 /* Products */ = {
			isa = PBXGroup;
			children = (
				FC69E9E322E487FA00AAC845 /* DispatchGroup-HandsOn.app */,
			);
			name = Products;
			sourceTree = "<group>";
		};
		FC69E9E522E487FA00AAC845 /* DispatchGroup-HandsOn */ = {
			isa = PBXGroup;
			children = (
				FC69E9FF22E48CD400AAC845 /* Helper */,
				FC69E9FA22E4882000AAC845 /* Controller */,
				FC69E9F922E4881E00AAC845 /* View */,
				FC69E9F822E4881A00AAC845 /* Model */,
				FC69E9E622E487FA00AAC845 /* AppDelegate.swift */,
				FC69E9ED22E487FD00AAC845 /* Assets.xcassets */,
				FC69E9EF22E487FD00AAC845 /* LaunchScreen.storyboard */,
				FC69E9F222E487FD00AAC845 /* Info.plist */,
			);
			path = "DispatchGroup-HandsOn";
			sourceTree = "<group>";
		};
		FC69E9F822E4881A00AAC845 /* Model */ = {
			isa = PBXGroup;
			children = (
				FC69E9FB22E488A300AAC845 /* Data.json */,
				FC69E9FD22E48B5B00AAC845 /* Feed.swift */,
			);
			path = Model;
			sourceTree = "<group>";
		};
		FC69E9F922E4881E00AAC845 /* View */ = {
			isa = PBXGroup;
			children = (
				FC69E9EA22E487FA00AAC845 /* Main.storyboard */,
			);
			path = View;
			sourceTree = "<group>";
		};
		FC69E9FA22E4882000AAC845 /* Controller */ = {
			isa = PBXGroup;
			children = (
				FC69E9E822E487FA00AAC845 /* ViewController.swift */,
				FC48EA0B22E497DF00D60C01 /* FeedCell.swift */,
			);
			path = Controller;
			sourceTree = "<group>";
		};
		FC69E9FF22E48CD400AAC845 /* Helper */ = {
			isa = PBXGroup;
			children = (
				FC69EA0022E48CE600AAC845 /* Networking.swift */,
			);
			path = Helper;
			sourceTree = "<group>";
		};
/* End PBXGroup section */

/* Begin PBXNativeTarget section */
		FC69E9E222E487FA00AAC845 /* DispatchGroup-HandsOn */ = {
			isa = PBXNativeTarget;
			buildConfigurationList = FC69E9F522E487FD00AAC845 /* Build configuration list for PBXNativeTarget "DispatchGroup-HandsOn" */;
			buildPhases = (
				FC69E9DF22E487FA00AAC845 /* Sources */,
				FC69E9E022E487FA00AAC845 /* Frameworks */,
				FC69E9E122E487FA00AAC845 /* Resources */,
			);
			buildRules = (
			);
			dependencies = (
			);
			name = "DispatchGroup-HandsOn";
			productName = "DispatchGroup-HandsOn";
			productReference = FC69E9E322E487FA00AAC845 /* DispatchGroup-HandsOn.app */;
			productType = "com.apple.product-type.application";
		};
/* End PBXNativeTarget section */

/* Begin PBXProject section */
		FC69E9DB22E487FA00AAC845 /* Project object */ = {
			isa = PBXProject;
			attributes = {
				LastSwiftUpdateCheck = 1020;
				LastUpgradeCheck = 1020;
				ORGANIZATIONNAME = "Hubert Wang";
				TargetAttributes = {
					FC69E9E222E487FA00AAC845 = {
						CreatedOnToolsVersion = 10.2.1;
					};
				};
			};
			buildConfigurationList = FC69E9DE22E487FA00AAC845 /* Build configuration list for PBXProject "DispatchGroup-HandsOn" */;
			compatibilityVersion = "Xcode 9.3";
			developmentRegion = en;
			hasScannedForEncodings = 0;
			knownRegions = (
				en,
				Base,
			);
			mainGroup = FC69E9DA22E487FA00AAC845;
			productRefGroup = FC69E9E422E487FA00AAC845 /* Products */;
			projectDirPath = "";
			projectRoot = "";
			targets = (
				FC69E9E222E487FA00AAC845 /* DispatchGroup-HandsOn */,
			);
		};
/* End PBXProject section */

/* Begin PBXResourcesBuildPhase section */
		FC69E9E122E487FA00AAC845 /* Resources */ = {
			isa = PBXResourcesBuildPhase;
			buildActionMask = 2147483647;
			files = (
				FC69E9F122E487FD00AAC845 /* LaunchScreen.storyboard in Resources */,
				FC69E9EE22E487FD00AAC845 /* Assets.xcassets in Resources */,
				FC69E9EC22E487FA00AAC845 /* Main.storyboard in Resources */,
				FC69E9FC22E488A300AAC845 /* Data.json in Resources */,
			);
			runOnlyForDeploymentPostprocessing = 0;
		};
/* End PBXResourcesBuildPhase section */

/* Begin PBXSourcesBuildPhase section */
		FC69E9DF22E487FA00AAC845 /* Sources */ = {
			isa = PBXSourcesBuildPhase;
			buildActionMask = 2147483647;
			files = (
				FC69E9E922E487FA00AAC845 /* ViewController.swift in Sources */,
				FC48EA0C22E497DF00D60C01 /* FeedCell.swift in Sources */,
				FC69E9FE22E48B5B00AAC845 /* Feed.swift in Sources */,
				FC69E9E722E487FA00AAC845 /* AppDelegate.swift in Sources */,
				FC69EA0122E48CE600AAC845 /* Networking.swift in Sources */,
			);
			runOnlyForDeploymentPostprocessing = 0;
		};
/* End PBXSourcesBuildPhase section */

/* Begin PBXVariantGroup section */
		FC69E9EA22E487FA00AAC845 /* Main.storyboard */ = {
			isa = PBXVariantGroup;
			children = (
				FC69E9EB22E487FA00AAC845 /* Base */,
			);
			name = Main.storyboard;
			sourceTree = "<group>";
		};
		FC69E9EF22E487FD00AAC845 /* LaunchScreen.storyboard */ = {
			isa = PBXVariantGroup;
			children = (
				FC69E9F022E487FD00AAC845 /* Base */,
			);
			name = LaunchScreen.storyboard;
			sourceTree = "<group>";
		};
/* End PBXVariantGroup section */

/* Begin XCBuildConfiguration section */
		FC69E9F322E487FD00AAC845 /* Debug */ = {
			isa = XCBuildConfiguration;
			buildSettings = {
				ALWAYS_SEARCH_USER_PATHS = NO;
				CLANG_ANALYZER_NONNULL = YES;
				CLANG_ANALYZER_NUMBER_OBJECT_CONVERSION = YES_AGGRESSIVE;
				CLANG_CXX_LANGUAGE_STANDARD = "gnu++14";
				CLANG_CXX_LIBRARY = "libc++";
				CLANG_ENABLE_MODULES = YES;
				CLANG_ENABLE_OBJC_ARC = YES;
				CLANG_ENABLE_OBJC_WEAK = YES;
				CLANG_WARN_BLOCK_CAPTURE_AUTORELEASING = YES;
				CLANG_WARN_BOOL_CONVERSION = YES;
				CLANG_WARN_COMMA = YES;
				CLANG_WARN_CONSTANT_CONVERSION = YES;
				CLANG_WARN_DEPRECATED_OBJC_IMPLEMENTATIONS = YES;
				CLANG_WARN_DIRECT_OBJC_ISA_USAGE = YES_ERROR;
				CLANG_WARN_DOCUMENTATION_COMMENTS = YES;
				CLANG_WARN_EMPTY_BODY = YES;
				CLANG_WARN_ENUM_CONVERSION = YES;
				CLANG_WARN_INFINITE_RECURSION = YES;
				CLANG_WARN_INT_CONVERSION = YES;
				CLANG_WARN_NON_LITERAL_NULL_CONVERSION = YES;
				CLANG_WARN_OBJC_IMPLICIT_RETAIN_SELF = YES;
				CLANG_WARN_OBJC_LITERAL_CONVERSION = YES;
				CLANG_WARN_OBJC_ROOT_CLASS = YES_ERROR;
				CLANG_WARN_RANGE_LOOP_ANALYSIS = YES;
				CLANG_WARN_STRICT_PROTOTYPES = YES;
				CLANG_WARN_SUSPICIOUS_MOVE = YES;
				CLANG_WARN_UNGUARDED_AVAILABILITY = YES_AGGRESSIVE;
				CLANG_WARN_UNREACHABLE_CODE = YES;
				CLANG_WARN__DUPLICATE_METHOD_MATCH = YES;
				CODE_SIGN_IDENTITY = "iPhone Developer";
				COPY_PHASE_STRIP = NO;
				DEBUG_INFORMATION_FORMAT = dwarf;
				ENABLE_STRICT_OBJC_MSGSEND = YES;
				ENABLE_TESTABILITY = YES;
				GCC_C_LANGUAGE_STANDARD = gnu11;
				GCC_DYNAMIC_NO_PIC = NO;
				GCC_NO_COMMON_BLOCKS = YES;
				GCC_OPTIMIZATION_LEVEL = 0;
				GCC_PREPROCESSOR_DEFINITIONS = (
					"DEBUG=1",
					"$(inherited)",
				);
				GCC_WARN_64_TO_32_BIT_CONVERSION = YES;
				GCC_WARN_ABOUT_RETURN_TYPE = YES_ERROR;
				GCC_WARN_UNDECLARED_SELECTOR = YES;
				GCC_WARN_UNINITIALIZED_AUTOS = YES_AGGRESSIVE;
				GCC_WARN_UNUSED_FUNCTION = YES;
				GCC_WARN_UNUSED_VARIABLE = YES;
				IPHONEOS_DEPLOYMENT_TARGET = 12.2;
				MTL_ENABLE_DEBUG_INFO = INCLUDE_SOURCE;
				MTL_FAST_MATH = YES;
				ONLY_ACTIVE_ARCH = YES;
				SDKROOT = iphoneos;
				SWIFT_ACTIVE_COMPILATION_CONDITIONS = DEBUG;
				SWIFT_OPTIMIZATION_LEVEL = "-Onone";
			};
			name = Debug;
		};
		FC69E9F422E487FD00AAC845 /* Release */ = {
			isa = XCBuildConfiguration;
			buildSettings = {
				ALWAYS_SEARCH_USER_PATHS = NO;
				CLANG_ANALYZER_NONNULL = YES;
				CLANG_ANALYZER_NUMBER_OBJECT_CONVERSION = YES_AGGRESSIVE;
				CLANG_CXX_LANGUAGE_STANDARD = "gnu++14";
				CLANG_CXX_LIBRARY = "libc++";
				CLANG_ENABLE_MODULES = YES;
				CLANG_ENABLE_OBJC_ARC = YES;
				CLANG_ENABLE_OBJC_WEAK = YES;
				CLANG_WARN_BLOCK_CAPTURE_AUTORELEASING = YES;
				CLANG_WARN_BOOL_CONVERSION = YES;
				CLANG_WARN_COMMA = YES;
				CLANG_WARN_CONSTANT_CONVERSION = YES;
				CLANG_WARN_DEPRECATED_OBJC_IMPLEMENTATIONS = YES;
				CLANG_WARN_DIRECT_OBJC_ISA_USAGE = YES_ERROR;
				CLANG_WARN_DOCUMENTATION_COMMENTS = YES;
				CLANG_WARN_EMPTY_BODY = YES;
				CLANG_WARN_ENUM_CONVERSION = YES;
				CLANG_WARN_INFINITE_RECURSION = YES;
				CLANG_WARN_INT_CONVERSION = YES;
				CLANG_WARN_NON_LITERAL_NULL_CONVERSION = YES;
				CLANG_WARN_OBJC_IMPLICIT_RETAIN_SELF = YES;
				CLANG_WARN_OBJC_LITERAL_CONVERSION = YES;
				CLANG_WARN_OBJC_ROOT_CLASS = YES_ERROR;
				CLANG_WARN_RANGE_LOOP_ANALYSIS = YES;
				CLANG_WARN_STRICT_PROTOTYPES = YES;
				CLANG_WARN_SUSPICIOUS_MOVE = YES;
				CLANG_WARN_UNGUARDED_AVAILABILITY = YES_AGGRESSIVE;
				CLANG_WARN_UNREACHABLE_CODE = YES;
				CLANG_WARN__DUPLICATE_METHOD_MATCH = YES;
				CODE_SIGN_IDENTITY = "iPhone Developer";
				COPY_PHASE_STRIP = NO;
				DEBUG_INFORMATION_FORMAT = "dwarf-with-dsym";
				ENABLE_NS_ASSERTIONS = NO;
				ENABLE_STRICT_OBJC_MSGSEND = YES;
				GCC_C_LANGUAGE_STANDARD = gnu11;
				GCC_NO_COMMON_BLOCKS = YES;
				GCC_WARN_64_TO_32_BIT_CONVERSION = YES;
				GCC_WARN_ABOUT_RETURN_TYPE = YES_ERROR;
				GCC_WARN_UNDECLARED_SELECTOR = YES;
				GCC_WARN_UNINITIALIZED_AUTOS = YES_AGGRESSIVE;
				GCC_WARN_UNUSED_FUNCTION = YES;
				GCC_WARN_UNUSED_VARIABLE = YES;
				IPHONEOS_DEPLOYMENT_TARGET = 12.2;
				MTL_ENABLE_DEBUG_INFO = NO;
				MTL_FAST_MATH = YES;
				SDKROOT = iphoneos;
				SWIFT_COMPILATION_MODE = wholemodule;
				SWIFT_OPTIMIZATION_LEVEL = "-O";
				VALIDATE_PRODUCT = YES;
			};
			name = Release;
		};
		FC69E9F622E487FD00AAC845 /* Debug */ = {
			isa = XCBuildConfiguration;
			buildSettings = {
				ASSETCATALOG_COMPILER_APPICON_NAME = AppIcon;
				CODE_SIGN_STYLE = Automatic;
				DEVELOPMENT_TEAM = 8WF8BJSYNB;
				INFOPLIST_FILE = "DispatchGroup-HandsOn/Info.plist";
				LD_RUNPATH_SEARCH_PATHS = (
					"$(inherited)",
					"@executable_path/Frameworks",
				);
				PRODUCT_BUNDLE_IDENTIFIER = "hubertwang.DispatchGroup-HandsOn";
				PRODUCT_NAME = "$(TARGET_NAME)";
				SWIFT_VERSION = 5.0;
				TARGETED_DEVICE_FAMILY = "1,2";
			};
			name = Debug;
		};
		FC69E9F722E487FD00AAC845 /* Release */ = {
			isa = XCBuildConfiguration;
			buildSettings = {
				ASSETCATALOG_COMPILER_APPICON_NAME = AppIcon;
				CODE_SIGN_STYLE = Automatic;
				DEVELOPMENT_TEAM = 8WF8BJSYNB;
				INFOPLIST_FILE = "DispatchGroup-HandsOn/Info.plist";
				LD_RUNPATH_SEARCH_PATHS = (
					"$(inherited)",
					"@executable_path/Frameworks",
				);
				PRODUCT_BUNDLE_IDENTIFIER = "hubertwang.DispatchGroup-HandsOn";
				PRODUCT_NAME = "$(TARGET_NAME)";
				SWIFT_VERSION = 5.0;
				TARGETED_DEVICE_FAMILY = "1,2";
			};
			name = Release;
		};
/* End XCBuildConfiguration section */

/* Begin XCConfigurationList section */
		FC69E9DE22E487FA00AAC845 /* Build configuration list for PBXProject "DispatchGroup-HandsOn" */ = {
			isa = XCConfigurationList;
			buildConfigurations = (
				FC69E9F322E487FD00AAC845 /* Debug */,
				FC69E9F422E487FD00AAC845 /* Release */,
			);
			defaultConfigurationIsVisible = 0;
			defaultConfigurationName = Release;
		};
		FC69E9F522E487FD00AAC845 /* Build configuration list for PBXNativeTarget "DispatchGroup-HandsOn" */ = {
			isa = XCConfigurationList;
			buildConfigurations = (
				FC69E9F622E487FD00AAC845 /* Debug */,
				FC69E9F722E487FD00AAC845 /* Release */,
			);
			defaultConfigurationIsVisible = 0;
			defaultConfigurationName = Release;
		};
/* End XCConfigurationList section */
	};
	rootObject = FC69E9DB22E487FA00AAC845 /* Project object */;
}
